
Microsoft Visual Studio Solution File, Format Version 12.00
Project("{FAE04EC0-301F-11D3-BF4B-00C04F79EFBC}") = "BaseCards", "src\BaseCards\BaseCards.csproj", "{E797A13C-50BA-48B7-AF89-768616EFA6AA}"
EndProject
Project("{FAE04EC0-301F-11D3-BF4B-00C04F79EFBC}") = "BaseCardsTests", "tests\BaseCardsTests\BaseCardsTests.csproj", "{5C863016-6E25-4665-B005-CE0A6D41EFBE}"
EndProject
Global
	GlobalSection(SolutionConfigurationPlatforms) = preSolution
		Debug|Any CPU = Debug|Any CPU
		Release|Any CPU = Release|Any CPU
	EndGlobalSection
	GlobalSection(ProjectConfigurationPlatforms) = postSolution
		{E797A13C-50BA-48B7-AF89-768616EFA6AA}.Debug|Any CPU.ActiveCfg = Debug|Any CPU
		{E797A13C-50BA-48B7-AF89-768616EFA6AA}.Debug|Any CPU.Build.0 = Debug|Any CPU
		{E797A13C-50BA-48B7-AF89-768616EFA6AA}.Release|Any CPU.ActiveCfg = Release|Any CPU
		{E797A13C-50BA-48B7-AF89-768616EFA6AA}.Release|Any CPU.Build.0 = Release|Any CPU
		{5C863016-6E25-4665-B005-CE0A6D41EFBE}.Debug|Any CPU.ActiveCfg = Debug|Any CPU
		{5C863016-6E25-4665-B005-CE0A6D41EFBE}.Debug|Any CPU.Build.0 = Debug|Any CPU
		{5C863016-6E25-4665-B005-CE0A6D41EFBE}.Release|Any CPU.ActiveCfg = Release|Any CPU
		{5C863016-6E25-4665-B005-CE0A6D41EFBE}.Release|Any CPU.Build.0 = Release|Any CPU
	EndGlobalSection
EndGlobal
